
Microsoft Visual Studio Solution File, Format Version 12.00
# Visual Studio Version 16
VisualStudioVersion = 16.0.30011.22
MinimumVisualStudioVersion = 10.0.40219.1
Project("{FAE04EC0-301F-11D3-BF4B-00C04F79EFBC}") = "MazeGenerator", "MazeGenerator.csproj", "{2FCAF978-48F8-4EEC-A834-53E44E92A840}"
EndProject
Global
	GlobalSection(SolutionConfigurationPlatforms) = preSolution
		Debug|Any CPU = Debug|Any CPU
		Release|Any CPU = Release|Any CPU
	EndGlobalSection
	GlobalSection(ProjectConfigurationPlatforms) = postSolution
		{2FCAF978-48F8-4EEC-A834-53E44E92A840}.Debug|Any CPU.ActiveCfg = Debug|Any CPU
		{2FCAF978-48F8-4EEC-A834-53E44E92A840}.Debug|Any CPU.Build.0 = Debug|Any CPU
		{2FCAF978-48F8-4EEC-A834-53E44E92A840}.Release|Any CPU.ActiveCfg = Release|Any CPU
		{2FCAF978-48F8-4EEC-A834-53E44E92A840}.Release|Any CPU.Build.0 = Release|Any CPU
	EndGlobalSection
	GlobalSection(SolutionProperties) = preSolution
		HideSolutionNode = FALSE
	EndGlobalSection
	GlobalSection(ExtensibilityGlobals) = postSolution
		SolutionGuid = {9DB3EC17-57FC-46F1-979A-C8E0BC36788D}
	EndGlobalSection
EndGlobal
